
Microsoft Visual Studio Solution File, Format Version 12.00
# Visual Studio 14
VisualStudioVersion = 14.0.23107.0
MinimumVisualStudioVersion = 10.0.40219.1
Project("{FAE04EC0-301F-11D3-BF4B-00C04F79EFBC}") = "AutoShutdown", "AutoShutdown\AutoShutdown.csproj", "{EF16AFD6-32B8-4835-B502-851411E0A98D}"
EndProject
Global
	GlobalSection(SolutionConfigurationPlatforms) = preSolution
		Debug|Any CPU = Debug|Any CPU
		Release|Any CPU = Release|Any CPU
	EndGlobalSection
	GlobalSection(ProjectConfigurationPlatforms) = postSolution
		{EF16AFD6-32B8-4835-B502-851411E0A98D}.Debug|Any CPU.ActiveCfg = Debug|Any CPU
		{EF16AFD6-32B8-4835-B502-851411E0A98D}.Debug|Any CPU.Build.0 = Debug|Any CPU
		{EF16AFD6-32B8-4835-B502-851411E0A98D}.Release|Any CPU.ActiveCfg = Release|Any CPU
		{EF16AFD6-32B8-4835-B502-851411E0A98D}.Release|Any CPU.Build.0 = Release|Any CPU
	EndGlobalSection
	GlobalSection(SolutionProperties) = preSolution
		HideSolutionNode = FALSE
	EndGlobalSection
EndGlobal
